
Microsoft Visual Studio Solution File, Format Version 12.00
# Visual Studio 15
VisualStudioVersion = 15.0.28307.489
MinimumVisualStudioVersion = 10.0.40219.1
Project("{8BC9CEB8-8B4A-11D0-8D11-00A0C91BC942}") = "ch01", "ch01\ch01.vcxproj", "{0795FC6E-154E-4254-8EAB-32AB44D95100}"
EndProject
Project("{8BC9CEB8-8B4A-11D0-8D11-00A0C91BC942}") = "ch02", "ch01-36\ch01-36.vcxproj", "{639D7167-1E98-476E-8275-27A293858DBA}"
EndProject
Project("{8BC9CEB8-8B4A-11D0-8D11-00A0C91BC942}") = "ch03", "ch03\ch03.vcxproj", "{1EC448CF-CF8E-427B-A3A3-4969FB64D863}"
EndProject
Project("{8BC9CEB8-8B4A-11D0-8D11-00A0C91BC942}") = "ch04", "ch04\ch04.vcxproj", "{C275841B-9186-4369-B6DF-594263FED2AA}"
EndProject
Project("{8BC9CEB8-8B4A-11D0-8D11-00A0C91BC942}") = "ch05", "Project1\Project1.vcxproj", "{4589E654-D95B-44EE-BC00-A92DA34A7285}"
EndProject
Project("{8BC9CEB8-8B4A-11D0-8D11-00A0C91BC942}") = "ch06", "ch06\ch06.vcxproj", "{779C89A2-9D09-4973-864F-0909C80E5A79}"
EndProject
Global
	GlobalSection(SolutionConfigurationPlatforms) = preSolution
		Debug|x64 = Debug|x64
		Debug|x86 = Debug|x86
		Release|x64 = Release|x64
		Release|x86 = Release|x86
	EndGlobalSection
	GlobalSection(ProjectConfigurationPlatforms) = postSolution
		{0795FC6E-154E-4254-8EAB-32AB44D95100}.Debug|x64.ActiveCfg = Debug|x64
		{0795FC6E-154E-4254-8EAB-32AB44D95100}.Debug|x64.Build.0 = Debug|x64
		{0795FC6E-154E-4254-8EAB-32AB44D95100}.Debug|x86.ActiveCfg = Debug|Win32
		{0795FC6E-154E-4254-8EAB-32AB44D95100}.Debug|x86.Build.0 = Debug|Win32
		{0795FC6E-154E-4254-8EAB-32AB44D95100}.Release|x64.ActiveCfg = Release|x64
		{0795FC6E-154E-4254-8EAB-32AB44D95100}.Release|x64.Build.0 = Release|x64
		{0795FC6E-154E-4254-8EAB-32AB44D95100}.Release|x86.ActiveCfg = Release|Win32
		{0795FC6E-154E-4254-8EAB-32AB44D95100}.Release|x86.Build.0 = Release|Win32
		{639D7167-1E98-476E-8275-27A293858DBA}.Debug|x64.ActiveCfg = Debug|x64
		{639D7167-1E98-476E-8275-27A293858DBA}.Debug|x64.Build.0 = Debug|x64
		{639D7167-1E98-476E-8275-27A293858DBA}.Debug|x86.ActiveCfg = Debug|Win32
		{639D7167-1E98-476E-8275-27A293858DBA}.Debug|x86.Build.0 = Debug|Win32
		{639D7167-1E98-476E-8275-27A293858DBA}.Release|x64.ActiveCfg = Release|x64
		{639D7167-1E98-476E-8275-27A293858DBA}.Release|x64.Build.0 = Release|x64
		{639D7167-1E98-476E-8275-27A293858DBA}.Release|x86.ActiveCfg = Release|Win32
		{639D7167-1E98-476E-8275-27A293858DBA}.Release|x86.Build.0 = Release|Win32
		{1EC448CF-CF8E-427B-A3A3-4969FB64D863}.Debug|x64.ActiveCfg = Debug|x64
		{1EC448CF-CF8E-427B-A3A3-4969FB64D863}.Debug|x64.Build.0 = Debug|x64
		{1EC448CF-CF8E-427B-A3A3-4969FB64D863}.Debug|x86.ActiveCfg = Debug|Win32
		{1EC448CF-CF8E-427B-A3A3-4969FB64D863}.Debug|x86.Build.0 = Debug|Win32
		{1EC448CF-CF8E-427B-A3A3-4969FB64D863}.Release|x64.ActiveCfg = Release|x64
		{1EC448CF-CF8E-427B-A3A3-4969FB64D863}.Release|x64.Build.0 = Release|x64
		{1EC448CF-CF8E-427B-A3A3-4969FB64D863}.Release|x86.ActiveCfg = Release|Win32
		{1EC448CF-CF8E-427B-A3A3-4969FB64D863}.Release|x86.Build.0 = Release|Win32
		{C275841B-9186-4369-B6DF-594263FED2AA}.Debug|x64.ActiveCfg = Debug|x64
		{C275841B-9186-4369-B6DF-594263FED2AA}.Debug|x64.Build.0 = Debug|x64
		{C275841B-9186-4369-B6DF-594263FED2AA}.Debug|x86.ActiveCfg = Debug|Win32
		{C275841B-9186-4369-B6DF-594263FED2AA}.Debug|x86.Build.0 = Debug|Win32
		{C275841B-9186-4369-B6DF-594263FED2AA}.Release|x64.ActiveCfg = Release|x64
		{C275841B-9186-4369-B6DF-594263FED2AA}.Release|x64.Build.0 = Release|x64
		{C275841B-9186-4369-B6DF-594263FED2AA}.Release|x86.ActiveCfg = Release|Win32
		{C275841B-9186-4369-B6DF-594263FED2AA}.Release|x86.Build.0 = Release|Win32
		{4589E654-D95B-44EE-BC00-A92DA34A7285}.Debug|x64.ActiveCfg = Debug|x64
		{4589E654-D95B-44EE-BC00-A92DA34A7285}.Debug|x64.Build.0 = Debug|x64
		{4589E654-D95B-44EE-BC00-A92DA34A7285}.Debug|x86.ActiveCfg = Debug|Win32
		{4589E654-D95B-44EE-BC00-A92DA34A7285}.Debug|x86.Build.0 = Debug|Win32
		{4589E654-D95B-44EE-BC00-A92DA34A7285}.Release|x64.ActiveCfg = Release|x64
		{4589E654-D95B-44EE-BC00-A92DA34A7285}.Release|x64.Build.0 = Release|x64
		{4589E654-D95B-44EE-BC00-A92DA34A7285}.Release|x86.ActiveCfg = Release|Win32
		{4589E654-D95B-44EE-BC00-A92DA34A7285}.Release|x86.Build.0 = Release|Win32
		{779C89A2-9D09-4973-864F-0909C80E5A79}.Debug|x64.ActiveCfg = Debug|x64
		{779C89A2-9D09-4973-864F-0909C80E5A79}.Debug|x64.Build.0 = Debug|x64
		{779C89A2-9D09-4973-864F-0909C80E5A79}.Debug|x86.ActiveCfg = Debug|Win32
		{779C89A2-9D09-4973-864F-0909C80E5A79}.Debug|x86.Build.0 = Debug|Win32
		{779C89A2-9D09-4973-864F-0909C80E5A79}.Release|x64.ActiveCfg = Release|x64
		{779C89A2-9D09-4973-864F-0909C80E5A79}.Release|x64.Build.0 = Release|x64
		{779C89A2-9D09-4973-864F-0909C80E5A79}.Release|x86.ActiveCfg = Release|Win32
		{779C89A2-9D09-4973-864F-0909C80E5A79}.Release|x86.Build.0 = Release|Win32
	EndGlobalSection
	GlobalSection(SolutionProperties) = preSolution
		HideSolutionNode = FALSE
	EndGlobalSection
	GlobalSection(ExtensibilityGlobals) = postSolution
		SolutionGuid = {0E76424E-34A9-451F-BA50-ABA672D0AB6E}
	EndGlobalSection
EndGlobal
