
Microsoft Visual Studio Solution File, Format Version 12.00
# Visual Studio 15
VisualStudioVersion = 15.0.28307.489
MinimumVisualStudioVersion = 10.0.40219.1
Project("{8BC9CEB8-8B4A-11D0-8D11-00A0C91BC942}") = "ch01", "ch01\ch01.vcxproj", "{A394F67E-936F-45E7-BF89-86A3FC7B95C4}"
EndProject
Project("{8BC9CEB8-8B4A-11D0-8D11-00A0C91BC942}") = "ch01-1", "ch01-1\ch01-1.vcxproj", "{1362A9E9-82DB-477E-81A5-B9248CC2B28D}"
EndProject
Global
	GlobalSection(SolutionConfigurationPlatforms) = preSolution
		Debug|x64 = Debug|x64
		Debug|x86 = Debug|x86
		Release|x64 = Release|x64
		Release|x86 = Release|x86
	EndGlobalSection
	GlobalSection(ProjectConfigurationPlatforms) = postSolution
		{A394F67E-936F-45E7-BF89-86A3FC7B95C4}.Debug|x64.ActiveCfg = Debug|x64
		{A394F67E-936F-45E7-BF89-86A3FC7B95C4}.Debug|x64.Build.0 = Debug|x64
		{A394F67E-936F-45E7-BF89-86A3FC7B95C4}.Debug|x86.ActiveCfg = Debug|Win32
		{A394F67E-936F-45E7-BF89-86A3FC7B95C4}.Debug|x86.Build.0 = Debug|Win32
		{A394F67E-936F-45E7-BF89-86A3FC7B95C4}.Release|x64.ActiveCfg = Release|x64
		{A394F67E-936F-45E7-BF89-86A3FC7B95C4}.Release|x64.Build.0 = Release|x64
		{A394F67E-936F-45E7-BF89-86A3FC7B95C4}.Release|x86.ActiveCfg = Release|Win32
		{A394F67E-936F-45E7-BF89-86A3FC7B95C4}.Release|x86.Build.0 = Release|Win32
		{1362A9E9-82DB-477E-81A5-B9248CC2B28D}.Debug|x64.ActiveCfg = Debug|x64
		{1362A9E9-82DB-477E-81A5-B9248CC2B28D}.Debug|x64.Build.0 = Debug|x64
		{1362A9E9-82DB-477E-81A5-B9248CC2B28D}.Debug|x86.ActiveCfg = Debug|Win32
		{1362A9E9-82DB-477E-81A5-B9248CC2B28D}.Debug|x86.Build.0 = Debug|Win32
		{1362A9E9-82DB-477E-81A5-B9248CC2B28D}.Release|x64.ActiveCfg = Release|x64
		{1362A9E9-82DB-477E-81A5-B9248CC2B28D}.Release|x64.Build.0 = Release|x64
		{1362A9E9-82DB-477E-81A5-B9248CC2B28D}.Release|x86.ActiveCfg = Release|Win32
		{1362A9E9-82DB-477E-81A5-B9248CC2B28D}.Release|x86.Build.0 = Release|Win32
	EndGlobalSection
	GlobalSection(SolutionProperties) = preSolution
		HideSolutionNode = FALSE
	EndGlobalSection
	GlobalSection(ExtensibilityGlobals) = postSolution
		SolutionGuid = {4F46ABEE-BDF3-4A5A-8C6D-037D0EC7C697}
	EndGlobalSection
EndGlobal
